
Microsoft Visual Studio Solution File, Format Version 12.00
# Visual Studio Version 17
VisualStudioVersion = 17.7.34024.191
MinimumVisualStudioVersion = 10.0.40219.1
Project("{FAE04EC0-301F-11D3-BF4B-00C04F79EFBC}") = "Commodity.Core", "Commodity.Core\Commodity.Core.csproj", "{A87C7B22-1E81-4BEC-AF4E-7B8669D3AC75}"
EndProject
Project("{FAE04EC0-301F-11D3-BF4B-00C04F79EFBC}") = "Commodity.Models", "Commodity.Models\Commodity.Models.csproj", "{67F50EE3-6E9F-460D-941C-FAE96F9433D0}"
EndProject
Project("{FAE04EC0-301F-11D3-BF4B-00C04F79EFBC}") = "Commodity.Repositories", "Commodity.Repositories\Commodity.Repositories.csproj", "{2462086E-9E1F-49C3-B1E1-007C1F7C137D}"
EndProject
Project("{FAE04EC0-301F-11D3-BF4B-00C04F79EFBC}") = "Commodity.Services", "Commodity.Services\Commodity.Services.csproj", "{34FF7C93-6D95-469B-B396-02BDEE30FA9C}"
EndProject
Project("{FAE04EC0-301F-11D3-BF4B-00C04F79EFBC}") = "Commodity.API", "Commodity.API\Commodity.API.csproj", "{FB22CB30-1EC0-4983-B1D2-C1F2F999D7CD}"
EndProject
Global
	GlobalSection(SolutionConfigurationPlatforms) = preSolution
		Debug|Any CPU = Debug|Any CPU
		Release|Any CPU = Release|Any CPU
	EndGlobalSection
	GlobalSection(ProjectConfigurationPlatforms) = postSolution
		{A87C7B22-1E81-4BEC-AF4E-7B8669D3AC75}.Debug|Any CPU.ActiveCfg = Debug|Any CPU
		{A87C7B22-1E81-4BEC-AF4E-7B8669D3AC75}.Debug|Any CPU.Build.0 = Debug|Any CPU
		{A87C7B22-1E81-4BEC-AF4E-7B8669D3AC75}.Release|Any CPU.ActiveCfg = Release|Any CPU
		{A87C7B22-1E81-4BEC-AF4E-7B8669D3AC75}.Release|Any CPU.Build.0 = Release|Any CPU
		{67F50EE3-6E9F-460D-941C-FAE96F9433D0}.Debug|Any CPU.ActiveCfg = Debug|Any CPU
		{67F50EE3-6E9F-460D-941C-FAE96F9433D0}.Debug|Any CPU.Build.0 = Debug|Any CPU
		{67F50EE3-6E9F-460D-941C-FAE96F9433D0}.Release|Any CPU.ActiveCfg = Release|Any CPU
		{67F50EE3-6E9F-460D-941C-FAE96F9433D0}.Release|Any CPU.Build.0 = Release|Any CPU
		{2462086E-9E1F-49C3-B1E1-007C1F7C137D}.Debug|Any CPU.ActiveCfg = Debug|Any CPU
		{2462086E-9E1F-49C3-B1E1-007C1F7C137D}.Debug|Any CPU.Build.0 = Debug|Any CPU
		{2462086E-9E1F-49C3-B1E1-007C1F7C137D}.Release|Any CPU.ActiveCfg = Release|Any CPU
		{2462086E-9E1F-49C3-B1E1-007C1F7C137D}.Release|Any CPU.Build.0 = Release|Any CPU
		{34FF7C93-6D95-469B-B396-02BDEE30FA9C}.Debug|Any CPU.ActiveCfg = Debug|Any CPU
		{34FF7C93-6D95-469B-B396-02BDEE30FA9C}.Debug|Any CPU.Build.0 = Debug|Any CPU
		{34FF7C93-6D95-469B-B396-02BDEE30FA9C}.Release|Any CPU.ActiveCfg = Release|Any CPU
		{34FF7C93-6D95-469B-B396-02BDEE30FA9C}.Release|Any CPU.Build.0 = Release|Any CPU
		{FB22CB30-1EC0-4983-B1D2-C1F2F999D7CD}.Debug|Any CPU.ActiveCfg = Debug|Any CPU
		{FB22CB30-1EC0-4983-B1D2-C1F2F999D7CD}.Debug|Any CPU.Build.0 = Debug|Any CPU
		{FB22CB30-1EC0-4983-B1D2-C1F2F999D7CD}.Release|Any CPU.ActiveCfg = Release|Any CPU
		{FB22CB30-1EC0-4983-B1D2-C1F2F999D7CD}.Release|Any CPU.Build.0 = Release|Any CPU
	EndGlobalSection
	GlobalSection(SolutionProperties) = preSolution
		HideSolutionNode = FALSE
	EndGlobalSection
	GlobalSection(ExtensibilityGlobals) = postSolution
		SolutionGuid = {C3EE6A52-9D41-410C-A0FA-54C33E725032}
	EndGlobalSection
EndGlobal
